{
  "version": 1,
  "dependencies": {
    ".NETStandard,Version=v2.1": {
      "Lib.Harmony": {
        "type": "Direct",
        "requested": "[2.4.2, )",
        "resolved": "2.4.2",
        "contentHash": "D2X9ojVjqbqdqWVK3VQETrEb56yVoXxtEp6tP5UvW0PP+bA4uJiswqOxF8GhH02ECwyevUa9vwhwdLzyXfksbw==",
        "dependencies": {
          "Lib.Harmony.Ref": "2.4.2"
        }
      },
      "Lib.Harmony.Ref": {
        "type": "Transitive",
        "resolved": "2.4.2",
        "contentHash": "pK6Z6WlR6OyynJqj50SspAV3qSU4pAiFluoryxE6ad63r2BD8LHKmH40aZz+0Ve+gyyQxSXTkxBnaXs9JvTkIw==",
        "dependencies": {
          "System.Reflection.Emit": "4.7.0"
        }
      },
      "System.Reflection.Emit": {
        "type": "Transitive",
        "resolved": "4.7.0",
        "contentHash": "VR4kk8XLKebQ4MZuKuIni/7oh+QGFmZW3qORd1GvBq/8026OpW501SzT/oypwiQl4TvT8ErnReh/NzY9u+C6wQ=="
      }
    }
  }
}